{
  "nodes": {
    "nixpkgs": {
      "locked": {
        "lastModified": 1735398492,
        "narHash": "sha256-qLIa7DOJjjezoRNyPVBHynN4wh7+Nq1ICTv5ofd0WSQ=",
        "owner": "NixOS",
        "repo": "nixpkgs",
        "rev": "f56cbb9a85e5f5a6d41f25cfc0286fc8eba54a2a",
        "type": "github"
      },
      "original": {
        "id": "nixpkgs",
        "type": "indirect"
      }
    },
    "root": {
      "inputs": {
        "nixpkgs": "nixpkgs"
      }
    }
  },
  "root": "root",
  "version": 7
}
