{
  "nodes": {
    "nixpkgs": {
      "locked": {
        "lastModified": 1757843276,
        "narHash": "sha256-GNqrHTSABo9Fwvhcgq4hy4Us5OY368gIEJCI48lBWhM=",
        "owner": "NixOS",
        "repo": "nixpkgs",
        "rev": "af745796c2755d6f3a6d835967862184d53a17ff",
        "type": "github"
      },
      "original": {
        "id": "nixpkgs",
        "type": "indirect"
      }
    },
    "root": {
      "inputs": {
        "nixpkgs": "nixpkgs"
      }
    }
  },
  "root": "root",
  "version": 7
}
