{
  "nodes": {
    "nixpkgs": {
      "locked": {
        "lastModified": 1689477032,
        "narHash": "sha256-tcVslINoIDszgc5cES0Y1k0Lq1HHPla9PSALU+Y8jkY=",
        "owner": "NixOS",
        "repo": "nixpkgs",
        "rev": "66c990850b878437510cc6096e6babce86de5dcb",
        "type": "github"
      },
      "original": {
        "id": "nixpkgs",
        "type": "indirect"
      }
    },
    "root": {
      "inputs": {
        "nixpkgs": "nixpkgs"
      }
    }
  },
  "root": "root",
  "version": 7
}
